
Microsoft Visual Studio Solution File, Format Version 12.00
# Visual Studio Version 16
VisualStudioVersion = 16.0.29306.81
MinimumVisualStudioVersion = 10.0.40219.1
Project("{FAE04EC0-301F-11D3-BF4B-00C04F79EFBC}") = "MeuPrimeiroAPP", "MeuPrimeiroAPP\MeuPrimeiroAPP.csproj", "{BDA2E618-A2C6-400E-A700-93C7ECAC70FB}"
EndProject
Global
	GlobalSection(SolutionConfigurationPlatforms) = preSolution
		Debug|Any CPU = Debug|Any CPU
		Release|Any CPU = Release|Any CPU
	EndGlobalSection
	GlobalSection(ProjectConfigurationPlatforms) = postSolution
		{BDA2E618-A2C6-400E-A700-93C7ECAC70FB}.Debug|Any CPU.ActiveCfg = Debug|Any CPU
		{BDA2E618-A2C6-400E-A700-93C7ECAC70FB}.Debug|Any CPU.Build.0 = Debug|Any CPU
		{BDA2E618-A2C6-400E-A700-93C7ECAC70FB}.Release|Any CPU.ActiveCfg = Release|Any CPU
		{BDA2E618-A2C6-400E-A700-93C7ECAC70FB}.Release|Any CPU.Build.0 = Release|Any CPU
	EndGlobalSection
	GlobalSection(SolutionProperties) = preSolution
		HideSolutionNode = FALSE
	EndGlobalSection
	GlobalSection(ExtensibilityGlobals) = postSolution
		SolutionGuid = {693EB123-8DF8-4AF2-9030-0EFB9BA47BF3}
	EndGlobalSection
EndGlobal
